
Microsoft Visual Studio Solution File, Format Version 12.00
# Visual Studio 15
Project("{FAE04EC0-301F-11D3-BF4B-00C04F79EFBC}") = "ForceUpdateSizeDemo.iOS", "ForceUpdateSizeDemo.iOS\ForceUpdateSizeDemo.iOS.csproj", "{4B2B26E0-C234-4D43-A3CE-FE0B5A5E1EAD}"
EndProject
Project("{FAE04EC0-301F-11D3-BF4B-00C04F79EFBC}") = "ForceUpdateSizeDemo", "ForceUpdateSizeDemo\ForceUpdateSizeDemo.csproj", "{6F5E2614-F28A-4CD1-AE0C-444F642B85CD}"
EndProject
Global
	GlobalSection(SolutionConfigurationPlatforms) = preSolution
		Debug|iPhoneSimulator = Debug|iPhoneSimulator
		Release|iPhoneSimulator = Release|iPhoneSimulator
		Debug|iPhone = Debug|iPhone
		Release|iPhone = Release|iPhone
		Debug|Any CPU = Debug|Any CPU
		Release|Any CPU = Release|Any CPU
	EndGlobalSection
	GlobalSection(ProjectConfigurationPlatforms) = postSolution
		{4B2B26E0-C234-4D43-A3CE-FE0B5A5E1EAD}.Debug|iPhoneSimulator.ActiveCfg = Debug|iPhoneSimulator
		{4B2B26E0-C234-4D43-A3CE-FE0B5A5E1EAD}.Debug|iPhoneSimulator.Build.0 = Debug|iPhoneSimulator
		{4B2B26E0-C234-4D43-A3CE-FE0B5A5E1EAD}.Release|iPhoneSimulator.ActiveCfg = Release|iPhoneSimulator
		{4B2B26E0-C234-4D43-A3CE-FE0B5A5E1EAD}.Release|iPhoneSimulator.Build.0 = Release|iPhoneSimulator
		{4B2B26E0-C234-4D43-A3CE-FE0B5A5E1EAD}.Debug|iPhone.ActiveCfg = Debug|iPhone
		{4B2B26E0-C234-4D43-A3CE-FE0B5A5E1EAD}.Debug|iPhone.Build.0 = Debug|iPhone
		{4B2B26E0-C234-4D43-A3CE-FE0B5A5E1EAD}.Release|iPhone.ActiveCfg = Release|iPhone
		{4B2B26E0-C234-4D43-A3CE-FE0B5A5E1EAD}.Release|iPhone.Build.0 = Release|iPhone
		{4B2B26E0-C234-4D43-A3CE-FE0B5A5E1EAD}.Debug|Any CPU.ActiveCfg = Debug|iPhoneSimulator
		{4B2B26E0-C234-4D43-A3CE-FE0B5A5E1EAD}.Debug|Any CPU.Build.0 = Debug|iPhoneSimulator
		{4B2B26E0-C234-4D43-A3CE-FE0B5A5E1EAD}.Release|Any CPU.ActiveCfg = Release|iPhoneSimulator
		{4B2B26E0-C234-4D43-A3CE-FE0B5A5E1EAD}.Release|Any CPU.Build.0 = Release|iPhoneSimulator
		{6F5E2614-F28A-4CD1-AE0C-444F642B85CD}.Debug|iPhoneSimulator.ActiveCfg = Debug|Any CPU
		{6F5E2614-F28A-4CD1-AE0C-444F642B85CD}.Debug|iPhoneSimulator.Build.0 = Debug|Any CPU
		{6F5E2614-F28A-4CD1-AE0C-444F642B85CD}.Release|iPhoneSimulator.ActiveCfg = Release|Any CPU
		{6F5E2614-F28A-4CD1-AE0C-444F642B85CD}.Release|iPhoneSimulator.Build.0 = Release|Any CPU
		{6F5E2614-F28A-4CD1-AE0C-444F642B85CD}.Debug|iPhone.ActiveCfg = Debug|Any CPU
		{6F5E2614-F28A-4CD1-AE0C-444F642B85CD}.Debug|iPhone.Build.0 = Debug|Any CPU
		{6F5E2614-F28A-4CD1-AE0C-444F642B85CD}.Release|iPhone.ActiveCfg = Release|Any CPU
		{6F5E2614-F28A-4CD1-AE0C-444F642B85CD}.Release|iPhone.Build.0 = Release|Any CPU
		{6F5E2614-F28A-4CD1-AE0C-444F642B85CD}.Debug|Any CPU.ActiveCfg = Debug|Any CPU
		{6F5E2614-F28A-4CD1-AE0C-444F642B85CD}.Debug|Any CPU.Build.0 = Debug|Any CPU
		{6F5E2614-F28A-4CD1-AE0C-444F642B85CD}.Release|Any CPU.ActiveCfg = Release|Any CPU
		{6F5E2614-F28A-4CD1-AE0C-444F642B85CD}.Release|Any CPU.Build.0 = Release|Any CPU
	EndGlobalSection
EndGlobal
